<?xml version="1.0" encoding="utf-8"?>
<Project ToolsVersion="4.0" xmlns="http://schemas.microsoft.com/developer/msbuild/2003">
  <ItemGroup>
    <Filter Include="Source Files">
      <UniqueIdentifier>{4FC737F1-C7A5-4376-A066-2A32D752A2FF}</UniqueIdentifier>
      <Extensions>cpp;c;cc;cxx;def;odl;idl;hpj;bat;asm;asmx</Extensions>
    </Filter>
    <Filter Include="Header Files">
      <UniqueIdentifier>{93995380-89BD-4b04-88EB-625FBE52EBFB}</UniqueIdentifier>
      <Extensions>h;hh;hpp;hxx;hm;inl;inc;xsd</Extensions>
    </Filter>
    <Filter Include="Resource Files">
      <UniqueIdentifier>{67DA6AB6-F800-4c08-8B7A-83BB121AAD01}</UniqueIdentifier>
      <Extensions>rc;ico;cur;bmp;dlg;rc2;rct;bin;rgs;gif;jpg;jpeg;jpe;resx;tiff;tif;png;wav;mfcribbon-ms</Extensions>
    </Filter>
    <Filter Include="Header Files\Screens">
      <UniqueIdentifier>{825bdc74-2c37-4495-9283-96061dbc71e6}</UniqueIdentifier>
    </Filter>
    <Filter Include="Header Files\Actors">
      <UniqueIdentifier>{b5ccb314-1b1b-48ee-bcb8-2811d1ac8d02}</UniqueIdentifier>
    </Filter>
    <Filter Include="Header Files\AI">
      <UniqueIdentifier>{19274c06-8a78-44a8-a346-418810901b66}</UniqueIdentifier>
    </Filter>
    <Filter Include="Header Files\Consts">
      <UniqueIdentifier>{6d217172-e360-43fd-b9d7-ab48c6f75a40}</UniqueIdentifier>
    </Filter>
    <Filter Include="Header Files\Factory">
      <UniqueIdentifier>{6263a1b8-03ac-4ea6-8455-5080e473902d}</UniqueIdentifier>
    </Filter>
    <Filter Include="Header Files\Graphics">
      <UniqueIdentifier>{b24824d4-958c-49ae-b36c-500178b67f52}</UniqueIdentifier>
    </Filter>
    <Filter Include="Header Files\Image">
      <UniqueIdentifier>{589b2a73-2ed2-4057-946d-1c4d6dbb7d3f}</UniqueIdentifier>
    </Filter>
    <Filter Include="Header Files\Manipulators">
      <UniqueIdentifier>{5e863ca1-2618-4f45-94fc-79e207e6ce06}</UniqueIdentifier>
    </Filter>
    <Filter Include="Header Files\Map">
      <UniqueIdentifier>{c3524b99-1e96-446b-a0c9-307debb24916}</UniqueIdentifier>
    </Filter>
    <Filter Include="Header Files\Objects">
      <UniqueIdentifier>{fa8cbd1f-4f89-4978-82a0-c5f19c65ffb6}</UniqueIdentifier>
    </Filter>
    <Filter Include="Header Files\Observer">
      <UniqueIdentifier>{122de61a-3ff5-481b-8161-2961a5590e6f}</UniqueIdentifier>
    </Filter>
    <Filter Include="Header Files\Physics">
      <UniqueIdentifier>{a52a133d-b903-48dd-afb5-d4f9347022e9}</UniqueIdentifier>
    </Filter>
    <Filter Include="Header Files\Service">
      <UniqueIdentifier>{dbb65997-3a85-48d3-9b56-76006c7ac55e}</UniqueIdentifier>
    </Filter>
    <Filter Include="Header Files\Structures">
      <UniqueIdentifier>{89469daf-9ec0-4614-938a-afd8deb359eb}</UniqueIdentifier>
    </Filter>
    <Filter Include="Header Files\Timer">
      <UniqueIdentifier>{402f4d20-5615-4073-b390-6166d387a3ce}</UniqueIdentifier>
    </Filter>
    <Filter Include="Header Files\Input">
      <UniqueIdentifier>{874b37bc-57b0-4f68-b745-aac92bdc1a46}</UniqueIdentifier>
    </Filter>
    <Filter Include="Source Files\Actors">
      <UniqueIdentifier>{ef0605cb-9f46-45a3-9723-a5f877504563}</UniqueIdentifier>
    </Filter>
    <Filter Include="Source Files\AI">
      <UniqueIdentifier>{8d1327a5-def0-49d8-bc7d-11ba59047d0d}</UniqueIdentifier>
    </Filter>
    <Filter Include="Source Files\Factory">
      <UniqueIdentifier>{670f8504-d2cb-4563-9fa6-0339cb85d785}</UniqueIdentifier>
    </Filter>
    <Filter Include="Source Files\Graphics">
      <UniqueIdentifier>{12f791d9-5593-479c-9083-6646454e4109}</UniqueIdentifier>
    </Filter>
    <Filter Include="Source Files\Image">
      <UniqueIdentifier>{114a0c04-3db3-4d6f-b7fe-f875a6c8fa95}</UniqueIdentifier>
    </Filter>
    <Filter Include="Source Files\Manipulators">
      <UniqueIdentifier>{992bb005-f66d-4b8c-ad5e-68253299e782}</UniqueIdentifier>
    </Filter>
    <Filter Include="Source Files\Map">
      <UniqueIdentifier>{0a0667c1-30a8-49dc-a23a-8795bfef2d96}</UniqueIdentifier>
    </Filter>
    <Filter Include="Source Files\Input">
      <UniqueIdentifier>{72921aed-b2d3-4f27-8d89-f92ce160c6d2}</UniqueIdentifier>
    </Filter>
    <Filter Include="Source Files\Timer">
      <UniqueIdentifier>{38a610dc-239d-44f1-90d8-b870d5563b33}</UniqueIdentifier>
    </Filter>
    <Filter Include="Source Files\Service">
      <UniqueIdentifier>{71d5ced4-ad79-47dc-8604-020135011a84}</UniqueIdentifier>
    </Filter>
    <Filter Include="Source Files\Physics">
      <UniqueIdentifier>{486e276d-7bd5-48fe-a47c-4efa575a8efb}</UniqueIdentifier>
    </Filter>
    <Filter Include="Source Files\Screens">
      <UniqueIdentifier>{bc78a028-57a2-450c-8480-3545f2863a6c}</UniqueIdentifier>
    </Filter>
  </ItemGroup>
  <ItemGroup>
    <ClCompile Include="Main.cpp">
      <Filter>Source Files</Filter>
    </ClCompile>
    <ClCompile Include="Actors\Ghost.cpp">
      <Filter>Source Files\Actors</Filter>
    </ClCompile>
    <ClCompile Include="Actors\Pacman.cpp">
      <Filter>Source Files\Actors</Filter>
    </ClCompile>
    <ClCompile Include="AI\BlinkyAI.cpp">
      <Filter>Source Files\AI</Filter>
    </ClCompile>
    <ClCompile Include="AI\ClydeAI.cpp">
      <Filter>Source Files\AI</Filter>
    </ClCompile>
    <ClCompile Include="AI\GhostAI.cpp">
      <Filter>Source Files\AI</Filter>
    </ClCompile>
    <ClCompile Include="AI\InkyAI.cpp">
      <Filter>Source Files\AI</Filter>
    </ClCompile>
    <ClCompile Include="AI\PinkyAI.cpp">
      <Filter>Source Files\AI</Filter>
    </ClCompile>
    <ClCompile Include="Factory\GameObjectFactory.cpp">
      <Filter>Source Files\Factory</Filter>
    </ClCompile>
    <ClCompile Include="Factory\GhostFactory.cpp">
      <Filter>Source Files\Factory</Filter>
    </ClCompile>
    <ClCompile Include="Factory\PacmanFactory.cpp">
      <Filter>Source Files\Factory</Filter>
    </ClCompile>
    <ClCompile Include="Factory\ScreenFactory.cpp">
      <Filter>Source Files\Factory</Filter>
    </ClCompile>
    <ClCompile Include="Graphics\GhostGraphics.cpp">
      <Filter>Source Files\Graphics</Filter>
    </ClCompile>
    <ClCompile Include="Graphics\PacmanGraphics.cpp">
      <Filter>Source Files\Graphics</Filter>
    </ClCompile>
    <ClCompile Include="Image\Image.cpp">
      <Filter>Source Files\Image</Filter>
    </ClCompile>
    <ClCompile Include="Manipulators\DotComponent.cpp">
      <Filter>Source Files\Manipulators</Filter>
    </ClCompile>
    <ClCompile Include="Manipulators\PowerUpComponent.cpp">
      <Filter>Source Files\Manipulators</Filter>
    </ClCompile>
    <ClCompile Include="Manipulators\TeleporterPhysics.cpp">
      <Filter>Source Files\Manipulators</Filter>
    </ClCompile>
    <ClCompile Include="Map\PacmanMap.cpp">
      <Filter>Source Files\Map</Filter>
    </ClCompile>
    <ClCompile Include="Input\PacmanInput.cpp">
      <Filter>Source Files\Input</Filter>
    </ClCompile>
    <ClCompile Include="Screens\DiedScreen.cpp">
      <Filter>Source Files\Screens</Filter>
    </ClCompile>
    <ClCompile Include="Screens\GameOverScreen.cpp">
      <Filter>Source Files\Screens</Filter>
    </ClCompile>
    <ClCompile Include="Screens\MainScreen.cpp">
      <Filter>Source Files\Screens</Filter>
    </ClCompile>
    <ClCompile Include="Screens\OptionsScreen.cpp">
      <Filter>Source Files\Screens</Filter>
    </ClCompile>
    <ClCompile Include="Screens\PauseScreen.cpp">
      <Filter>Source Files\Screens</Filter>
    </ClCompile>
    <ClCompile Include="Screens\PlayScreen.cpp">
      <Filter>Source Files\Screens</Filter>
    </ClCompile>
    <ClCompile Include="Screens\ScoresScreen.cpp">
      <Filter>Source Files\Screens</Filter>
    </ClCompile>
    <ClCompile Include="Screens\TransitionScreen.cpp">
      <Filter>Source Files\Screens</Filter>
    </ClCompile>
    <ClCompile Include="Physics\GhostPhysics.cpp">
      <Filter>Source Files\Physics</Filter>
    </ClCompile>
    <ClCompile Include="Physics\PacmanPhysics.cpp">
      <Filter>Source Files\Physics</Filter>
    </ClCompile>
    <ClCompile Include="Service\CollisionService.cpp">
      <Filter>Source Files\Service</Filter>
    </ClCompile>
    <ClCompile Include="Service\Font.cpp">
      <Filter>Source Files\Service</Filter>
    </ClCompile>
    <ClCompile Include="Service\Options.cpp">
      <Filter>Source Files\Service</Filter>
    </ClCompile>
    <ClCompile Include="Service\ScoresHandler.cpp">
      <Filter>Source Files\Service</Filter>
    </ClCompile>
    <ClCompile Include="Timer\Timer.cpp">
      <Filter>Source Files\Timer</Filter>
    </ClCompile>
  </ItemGroup>
  <ItemGroup>
    <ClInclude Include="Screens\Screen.h">
      <Filter>Header Files\Screens</Filter>
    </ClInclude>
    <ClInclude Include="Screens\ScoresScreen.h">
      <Filter>Header Files\Screens</Filter>
    </ClInclude>
    <ClInclude Include="Actors\Actor.h">
      <Filter>Header Files\Actors</Filter>
    </ClInclude>
    <ClInclude Include="Actors\Ghost.h">
      <Filter>Header Files\Actors</Filter>
    </ClInclude>
    <ClInclude Include="Actors\Pacman.h">
      <Filter>Header Files\Actors</Filter>
    </ClInclude>
    <ClInclude Include="AI\GhostAI.h">
      <Filter>Header Files\AI</Filter>
    </ClInclude>
    <ClInclude Include="Factory\GameObjectFactory.h">
      <Filter>Header Files\Factory</Filter>
    </ClInclude>
    <ClInclude Include="Factory\GhostFactory.h">
      <Filter>Header Files\Factory</Filter>
    </ClInclude>
    <ClInclude Include="Factory\PacmanFactory.h">
      <Filter>Header Files\Factory</Filter>
    </ClInclude>
    <ClInclude Include="Graphics\GhostGraphics.h">
      <Filter>Header Files\Graphics</Filter>
    </ClInclude>
    <ClInclude Include="Graphics\GraphicsComponent.h">
      <Filter>Header Files\Graphics</Filter>
    </ClInclude>
    <ClInclude Include="Graphics\ObjectGraphicsComponent.h">
      <Filter>Header Files\Graphics</Filter>
    </ClInclude>
    <ClInclude Include="Graphics\PacmanGraphics.h">
      <Filter>Header Files\Graphics</Filter>
    </ClInclude>
    <ClInclude Include="Graphics\SimpleGraphicsComponent.h">
      <Filter>Header Files\Graphics</Filter>
    </ClInclude>
    <ClInclude Include="Image\Image.h">
      <Filter>Header Files\Image</Filter>
    </ClInclude>
    <ClInclude Include="Manipulators\ActorManipulatorComponent.h">
      <Filter>Header Files\Manipulators</Filter>
    </ClInclude>
    <ClInclude Include="Manipulators\DotComponent.h">
      <Filter>Header Files\Manipulators</Filter>
    </ClInclude>
    <ClInclude Include="Manipulators\PowerUpComponent.h">
      <Filter>Header Files\Manipulators</Filter>
    </ClInclude>
    <ClInclude Include="Manipulators\TeleporterPhysics.h">
      <Filter>Header Files\Manipulators</Filter>
    </ClInclude>
    <ClInclude Include="Input\InputComponent.h">
      <Filter>Header Files\Input</Filter>
    </ClInclude>
    <ClInclude Include="Input\PacmanInput.h">
      <Filter>Header Files\Input</Filter>
    </ClInclude>
    <ClInclude Include="Timer\Timer.h">
      <Filter>Header Files\Timer</Filter>
    </ClInclude>
    <ClInclude Include="Service\CollisionService.h">
      <Filter>Header Files\Service</Filter>
    </ClInclude>
    <ClInclude Include="Service\Font.h">
      <Filter>Header Files\Service</Filter>
    </ClInclude>
    <ClInclude Include="Service\Options.h">
      <Filter>Header Files\Service</Filter>
    </ClInclude>
    <ClInclude Include="Service\ScoresHandler.h">
      <Filter>Header Files\Service</Filter>
    </ClInclude>
    <ClInclude Include="Physics\GhostPhysics.h">
      <Filter>Header Files\Physics</Filter>
    </ClInclude>
    <ClInclude Include="Physics\PacmanPhysics.h">
      <Filter>Header Files\Physics</Filter>
    </ClInclude>
    <ClInclude Include="Physics\PhysicsComponent.h">
      <Filter>Header Files\Physics</Filter>
    </ClInclude>
    <ClInclude Include="Observer\IObserver.h">
      <Filter>Header Files\Observer</Filter>
    </ClInclude>
    <ClInclude Include="Observer\Subject.h">
      <Filter>Header Files\Observer</Filter>
    </ClInclude>
    <ClInclude Include="Objects\GameObject.h">
      <Filter>Header Files\Objects</Filter>
    </ClInclude>
    <ClInclude Include="Screens\DiedScreen.h">
      <Filter>Header Files\Screens</Filter>
    </ClInclude>
    <ClInclude Include="Screens\GameOverScreen.h">
      <Filter>Header Files\Screens</Filter>
    </ClInclude>
    <ClInclude Include="Screens\MainScreen.h">
      <Filter>Header Files\Screens</Filter>
    </ClInclude>
    <ClInclude Include="Screens\OptionsScreen.h">
      <Filter>Header Files\Screens</Filter>
    </ClInclude>
    <ClInclude Include="Screens\PauseScreen.h">
      <Filter>Header Files\Screens</Filter>
    </ClInclude>
    <ClInclude Include="Screens\PlayScreen.h">
      <Filter>Header Files\Screens</Filter>
    </ClInclude>
    <ClInclude Include="Screens\TransitionScreen.h">
      <Filter>Header Files\Screens</Filter>
    </ClInclude>
    <ClInclude Include="Factory\ScreenFactory.h">
      <Filter>Header Files\Factory</Filter>
    </ClInclude>
    <ClInclude Include="Map\PacmanMap.h">
      <Filter>Header Files\Map</Filter>
    </ClInclude>
    <ClInclude Include="Structures\Field.h">
      <Filter>Header Files\Structures</Filter>
    </ClInclude>
    <ClInclude Include="Structures\ScoreEntry.h">
      <Filter>Header Files\Structures</Filter>
    </ClInclude>
    <ClInclude Include="Consts\Constants.h">
      <Filter>Header Files\Consts</Filter>
    </ClInclude>
  </ItemGroup>
</Project>